
Microsoft Visual Studio Solution File, Format Version 12.00
# Visual Studio Version 17
VisualStudioVersion = 17.13.35818.85
MinimumVisualStudioVersion = 10.0.40219.1
Project("{FAE04EC0-301F-11D3-BF4B-00C04F79EFBC}") = "BookManagementBackend", "BookManagementBackend.csproj", "{253AE508-8845-409B-A788-A1194AAE30EE}"
EndProject
Project("{FAE04EC0-301F-11D3-BF4B-00C04F79EFBC}") = "BookManagementFrontend", "..\BookManagementFrontend\BookManagementFrontend.csproj", "{07504EA7-0DAF-43BB-9602-FDD7046F8F1F}"
EndProject
Global
	GlobalSection(SolutionConfigurationPlatforms) = preSolution
		Debug|Any CPU = Debug|Any CPU
		Release|Any CPU = Release|Any CPU
	EndGlobalSection
	GlobalSection(ProjectConfigurationPlatforms) = postSolution
		{253AE508-8845-409B-A788-A1194AAE30EE}.Debug|Any CPU.ActiveCfg = Debug|Any CPU
		{253AE508-8845-409B-A788-A1194AAE30EE}.Debug|Any CPU.Build.0 = Debug|Any CPU
		{253AE508-8845-409B-A788-A1194AAE30EE}.Release|Any CPU.ActiveCfg = Release|Any CPU
		{253AE508-8845-409B-A788-A1194AAE30EE}.Release|Any CPU.Build.0 = Release|Any CPU
		{07504EA7-0DAF-43BB-9602-FDD7046F8F1F}.Debug|Any CPU.ActiveCfg = Debug|Any CPU
		{07504EA7-0DAF-43BB-9602-FDD7046F8F1F}.Debug|Any CPU.Build.0 = Debug|Any CPU
		{07504EA7-0DAF-43BB-9602-FDD7046F8F1F}.Release|Any CPU.ActiveCfg = Release|Any CPU
		{07504EA7-0DAF-43BB-9602-FDD7046F8F1F}.Release|Any CPU.Build.0 = Release|Any CPU
	EndGlobalSection
	GlobalSection(SolutionProperties) = preSolution
		HideSolutionNode = FALSE
	EndGlobalSection
	GlobalSection(ExtensibilityGlobals) = postSolution
		SolutionGuid = {97145866-74E9-47DB-BE8D-FEBCAEC329E4}
	EndGlobalSection
EndGlobal
